github.com/stellarvector/theme v0.0.0-20260601214816-33a8acc737a3 h1:vsS47nemrQ5TE+qN/QmOVyVhQaVbh0sa0jGklAxmJPA=
github.com/stellarvector/theme v0.0.0-20260601214816-33a8acc737a3/go.mod h1:Mb4BsJKgf5WbiKJvfpNGE7Ycww4Uo+98U2R+sSM+wmI=
github.com/stellarvector/theme v0.0.0-20260919022800-9bf7bbe85f22 h1:x7bnyTXPVwuNeHp/KD/asvu0sVZXwOsE9BUbobk7mlU=
github.com/stellarvector/theme v0.0.0-20260919022800-9bf7bbe85f22/go.mod h1:Mb4BsJKgf5WbiKJvfpNGE7Ycww4Uo+98U2R+sSM+wmI=
github.com/stellarvector/theme v0.0.0-20260919141347-51b5e7388f67 h1:Kk/vsvNJn4/sTKnhSXJzM/ymhAzrQkTKqf9ASGOqj3c=
github.com/stellarvector/theme v0.0.0-20260919141347-51b5e7388f67/go.mod h1:Mb4BsJKgf5WbiKJvfpNGE7Ycww4Uo+98U2R+sSM+wmI=
